
Microsoft Visual Studio Solution File, Format Version 12.00
# Visual Studio Version 16
VisualStudioVersion = 16.0.31424.327
MinimumVisualStudioVersion = 10.0.40219.1
Project("{FAE04EC0-301F-11D3-BF4B-00C04F79EFBC}") = "ClearwoxCodeChallenge.API", "ClearwoxCodeChallenge.API\ClearwoxCodeChallenge.API.csproj", "{CC816E82-954B-472C-A1AC-2C3F530CE258}"
EndProject
Global
	GlobalSection(SolutionConfigurationPlatforms) = preSolution
		Debug|Any CPU = Debug|Any CPU
		Release|Any CPU = Release|Any CPU
	EndGlobalSection
	GlobalSection(ProjectConfigurationPlatforms) = postSolution
		{CC816E82-954B-472C-A1AC-2C3F530CE258}.Debug|Any CPU.ActiveCfg = Debug|Any CPU
		{CC816E82-954B-472C-A1AC-2C3F530CE258}.Debug|Any CPU.Build.0 = Debug|Any CPU
		{CC816E82-954B-472C-A1AC-2C3F530CE258}.Release|Any CPU.ActiveCfg = Release|Any CPU
		{CC816E82-954B-472C-A1AC-2C3F530CE258}.Release|Any CPU.Build.0 = Release|Any CPU
	EndGlobalSection
	GlobalSection(SolutionProperties) = preSolution
		HideSolutionNode = FALSE
	EndGlobalSection
	GlobalSection(ExtensibilityGlobals) = postSolution
		SolutionGuid = {06ACB3F0-7AC1-4AAA-BB74-32E465C21F2D}
	EndGlobalSection
EndGlobal
